
Microsoft Visual Studio Solution File, Format Version 12.00
# Visual Studio 15
Project("{FAE04EC0-301F-11D3-BF4B-00C04F79EFBC}") = "weeklyChallenges01", "weeklyChallenges01\weeklyChallenges01.csproj", "{60C2C76A-226B-49E6-B618-DFC13058F8EA}"
EndProject
Project("{FAE04EC0-301F-11D3-BF4B-00C04F79EFBC}") = "weeklyChallenges01.Tests", "weeklyChallenges01.Tests\weeklyChallenges01.Tests.csproj", "{C6404DBF-019E-4045-A224-DAD6C8CE679B}"
EndProject
Global
	GlobalSection(SolutionConfigurationPlatforms) = preSolution
		Debug|Any CPU = Debug|Any CPU
		Release|Any CPU = Release|Any CPU
	EndGlobalSection
	GlobalSection(ProjectConfigurationPlatforms) = postSolution
		{60C2C76A-226B-49E6-B618-DFC13058F8EA}.Debug|Any CPU.ActiveCfg = Debug|Any CPU
		{60C2C76A-226B-49E6-B618-DFC13058F8EA}.Debug|Any CPU.Build.0 = Debug|Any CPU
		{60C2C76A-226B-49E6-B618-DFC13058F8EA}.Release|Any CPU.ActiveCfg = Release|Any CPU
		{60C2C76A-226B-49E6-B618-DFC13058F8EA}.Release|Any CPU.Build.0 = Release|Any CPU
		{C6404DBF-019E-4045-A224-DAD6C8CE679B}.Debug|Any CPU.ActiveCfg = Debug|Any CPU
		{C6404DBF-019E-4045-A224-DAD6C8CE679B}.Debug|Any CPU.Build.0 = Debug|Any CPU
		{C6404DBF-019E-4045-A224-DAD6C8CE679B}.Release|Any CPU.ActiveCfg = Release|Any CPU
		{C6404DBF-019E-4045-A224-DAD6C8CE679B}.Release|Any CPU.Build.0 = Release|Any CPU
	EndGlobalSection
EndGlobal
